Microsoft Visual Studio Solution File, Format Version 12.00
# Visual Studio Version 17
VisualStudioVersion = 17.4.33403.182
MinimumVisualStudioVersion = 10.0.40219.1
Project("{9A19103F-16F7-4668-BE54-9A1E7A4F7556}") = "DistantWorlds", "DistantWorlds.csproj", "{7C998AB2-0292-4701-A009-2F6D0962AC21}"
EndProject
Project("{9A19103F-16F7-4668-BE54-9A1E7A4F7556}") = "DistantWorlds.Controls", "..\DistantWorlds.Controls\DistantWorlds.Controls.csproj", "{66BF916C-C205-43A4-840D-C207E73A2A22}"
EndProject
Project("{9A19103F-16F7-4668-BE54-9A1E7A4F7556}") = "DistantWorlds.Types", "..\DistantWorlds.Types\DistantWorlds.Types\DistantWorlds.Types.csproj", "{61610AA1-00EE-4FB7-BCC9-58FC5E115BEA}"
EndProject
Project("{9A19103F-16F7-4668-BE54-9A1E7A4F7556}") = "BaconDistantWorlds", "..\BaconDistantWorlds\BaconDistantWorlds.csproj", "{21EB1D9E-88CD-4618-BA64-63BC2E358F4D}"
EndProject
Project("{9A19103F-16F7-4668-BE54-9A1E7A4F7556}") = "ExpansionMod", "..\ExpansionMod\ExpansionMod\ExpansionMod.csproj", "{0E11F0CB-3CC0-4874-AE9E-A67F28C9CFB9}"
EndProject
Project("{9A19103F-16F7-4668-BE54-9A1E7A4F7556}") = "ExpansionMod.Controls", "..\ExpansionMod.Controls\ExpansionMod.Controls\ExpansionMod.Controls.csproj", "{1F724A30-1EF0-4FD0-9C83-5B2584FE1753}"
EndProject
Project("{9A19103F-16F7-4668-BE54-9A1E7A4F7556}") = "ExpansionMod.Objects", "..\ExpansionMod.Objects\ExpansionMod.Objects\ExpansionMod.Objects.csproj", "{68C9ABC2-AA67-4A31-BA76-5F48ABB14834}"
EndProject
Global
	GlobalSection(SolutionConfigurationPlatforms) = preSolution
		Debug|Any CPU = Debug|Any CPU
		Release|Any CPU = Release|Any CPU
	EndGlobalSection
	GlobalSection(ProjectConfigurationPlatforms) = postSolution
		{7C998AB2-0292-4701-A009-2F6D0962AC21}.Debug|Any CPU.ActiveCfg = Debug|Any CPU
		{7C998AB2-0292-4701-A009-2F6D0962AC21}.Debug|Any CPU.Build.0 = Debug|Any CPU
		{7C998AB2-0292-4701-A009-2F6D0962AC21}.Release|Any CPU.ActiveCfg = Release|Any CPU
		{7C998AB2-0292-4701-A009-2F6D0962AC21}.Release|Any CPU.Build.0 = Release|Any CPU
		{66BF916C-C205-43A4-840D-C207E73A2A22}.Debug|Any CPU.ActiveCfg = Debug|Any CPU
		{66BF916C-C205-43A4-840D-C207E73A2A22}.Debug|Any CPU.Build.0 = Debug|Any CPU
		{66BF916C-C205-43A4-840D-C207E73A2A22}.Release|Any CPU.ActiveCfg = Release|Any CPU
		{66BF916C-C205-43A4-840D-C207E73A2A22}.Release|Any CPU.Build.0 = Release|Any CPU
		{61610AA1-00EE-4FB7-BCC9-58FC5E115BEA}.Debug|Any CPU.ActiveCfg = Debug|Any CPU
		{61610AA1-00EE-4FB7-BCC9-58FC5E115BEA}.Debug|Any CPU.Build.0 = Debug|Any CPU
		{61610AA1-00EE-4FB7-BCC9-58FC5E115BEA}.Release|Any CPU.ActiveCfg = Release|Any CPU
		{61610AA1-00EE-4FB7-BCC9-58FC5E115BEA}.Release|Any CPU.Build.0 = Release|Any CPU
		{21EB1D9E-88CD-4618-BA64-63BC2E358F4D}.Debug|Any CPU.ActiveCfg = Debug|Any CPU
		{21EB1D9E-88CD-4618-BA64-63BC2E358F4D}.Debug|Any CPU.Build.0 = Debug|Any CPU
		{21EB1D9E-88CD-4618-BA64-63BC2E358F4D}.Release|Any CPU.ActiveCfg = Release|Any CPU
		{21EB1D9E-88CD-4618-BA64-63BC2E358F4D}.Release|Any CPU.Build.0 = Release|Any CPU
		{0E11F0CB-3CC0-4874-AE9E-A67F28C9CFB9}.Debug|Any CPU.ActiveCfg = Debug|Any CPU
		{0E11F0CB-3CC0-4874-AE9E-A67F28C9CFB9}.Debug|Any CPU.Build.0 = Debug|Any CPU
		{0E11F0CB-3CC0-4874-AE9E-A67F28C9CFB9}.Release|Any CPU.ActiveCfg = Release|Any CPU
		{0E11F0CB-3CC0-4874-AE9E-A67F28C9CFB9}.Release|Any CPU.Build.0 = Release|Any CPU
		{1F724A30-1EF0-4FD0-9C83-5B2584FE1753}.Debug|Any CPU.ActiveCfg = Debug|Any CPU
		{1F724A30-1EF0-4FD0-9C83-5B2584FE1753}.Debug|Any CPU.Build.0 = Debug|Any CPU
		{1F724A30-1EF0-4FD0-9C83-5B2584FE1753}.Release|Any CPU.ActiveCfg = Release|Any CPU
		{1F724A30-1EF0-4FD0-9C83-5B2584FE1753}.Release|Any CPU.Build.0 = Release|Any CPU
		{68C9ABC2-AA67-4A31-BA76-5F48ABB14834}.Debug|Any CPU.ActiveCfg = Debug|Any CPU
		{68C9ABC2-AA67-4A31-BA76-5F48ABB14834}.Debug|Any CPU.Build.0 = Debug|Any CPU
		{68C9ABC2-AA67-4A31-BA76-5F48ABB14834}.Release|Any CPU.ActiveCfg = Release|Any CPU
		{68C9ABC2-AA67-4A31-BA76-5F48ABB14834}.Release|Any CPU.Build.0 = Release|Any CPU
	EndGlobalSection
	GlobalSection(SolutionProperties) = preSolution
		HideSolutionNode = FALSE
	EndGlobalSection
	GlobalSection(ExtensibilityGlobals) = postSolution
		SolutionGuid = {8C2F32FA-4A0C-4A7D-8DB8-FE301BE7F08D}
	EndGlobalSection
EndGlobal
