
Microsoft Visual Studio Solution File, Format Version 12.00
# Visual Studio Version 17
VisualStudioVersion = 17.5.33530.505
MinimumVisualStudioVersion = 10.0.40219.1
Project("{FAE04EC0-301F-11D3-BF4B-00C04F79EFBC}") = "ExpansionMod", "ExpansionMod\ExpansionMod.csproj", "{00FB1A22-453E-4767-A96E-75FFDBFE12B7}"
EndProject
Global
	GlobalSection(SolutionConfigurationPlatforms) = preSolution
		Debug|Any CPU = Debug|Any CPU
		Release|Any CPU = Release|Any CPU
	EndGlobalSection
	GlobalSection(ProjectConfigurationPlatforms) = postSolution
		{00FB1A22-453E-4767-A96E-75FFDBFE12B7}.Debug|Any CPU.ActiveCfg = Debug|Any CPU
		{00FB1A22-453E-4767-A96E-75FFDBFE12B7}.Debug|Any CPU.Build.0 = Debug|Any CPU
		{00FB1A22-453E-4767-A96E-75FFDBFE12B7}.Release|Any CPU.ActiveCfg = Release|Any CPU
		{00FB1A22-453E-4767-A96E-75FFDBFE12B7}.Release|Any CPU.Build.0 = Release|Any CPU
	EndGlobalSection
	GlobalSection(SolutionProperties) = preSolution
		HideSolutionNode = FALSE
	EndGlobalSection
	GlobalSection(ExtensibilityGlobals) = postSolution
		SolutionGuid = {12727339-1C46-4B1C-8427-F11D468B1F84}
	EndGlobalSection
EndGlobal
