
Microsoft Visual Studio Solution File, Format Version 12.00
# Visual Studio Version 17
VisualStudioVersion = 17.5.33530.505
MinimumVisualStudioVersion = 10.0.40219.1
Project("{FAE04EC0-301F-11D3-BF4B-00C04F79EFBC}") = "ExpansionMod.Controls", "ExpansionMod.Controls\ExpansionMod.Controls.csproj", "{FB6D758E-BEA4-44AC-85FC-A8F104D50672}"
EndProject
Global
	GlobalSection(SolutionConfigurationPlatforms) = preSolution
		Debug|Any CPU = Debug|Any CPU
		Release|Any CPU = Release|Any CPU
	EndGlobalSection
	GlobalSection(ProjectConfigurationPlatforms) = postSolution
		{FB6D758E-BEA4-44AC-85FC-A8F104D50672}.Debug|Any CPU.ActiveCfg = Debug|Any CPU
		{FB6D758E-BEA4-44AC-85FC-A8F104D50672}.Debug|Any CPU.Build.0 = Debug|Any CPU
		{FB6D758E-BEA4-44AC-85FC-A8F104D50672}.Release|Any CPU.ActiveCfg = Release|Any CPU
		{FB6D758E-BEA4-44AC-85FC-A8F104D50672}.Release|Any CPU.Build.0 = Release|Any CPU
	EndGlobalSection
	GlobalSection(SolutionProperties) = preSolution
		HideSolutionNode = FALSE
	EndGlobalSection
	GlobalSection(ExtensibilityGlobals) = postSolution
		SolutionGuid = {7F509641-16BF-451E-B6C5-20904674BF34}
	EndGlobalSection
EndGlobal
